<Solution>
  <Project Path="CleanArchitectureMVC.csproj" />
  <Project Path="src/Application/Application.csproj" />
  <Project Path="src/Application/Tests/Application.Tests.csproj" Id="85442eb0-d285-491b-9619-78689ea7f110" />
  <Project Path="src/Domain/Domain.csproj" />
  <Project Path="src/E2E/Tests/E2E.Tests.csproj" />
  <Project Path="src/Infrastructure/Infrastructure.csproj" />
  <Project Path="src/Infrastructure/Tests/Infrastructure.Tests.csproj" Id="1af3ef52-0459-4170-ab0f-6f878811c082" />
</Solution>
