<Solution>
  <Project Path="MVCPrueba1.csproj" />
  <Project Path="src/MVCPrueba1.Application/Application.csproj" />
  <Project Path="src/MVCPrueba1.Application/Tests/Application.Tests.csproj" Id="85442eb0-d285-491b-9619-78689ea7f110" />
  <Project Path="src/MVCPrueba1.Domain/Domain.csproj" />
  <Project Path="src/MVCPrueba1.Infrastructure/Infrastructure.csproj" />
</Solution>
